
Microsoft Visual Studio Solution File, Format Version 12.00
# Visual Studio Version 16
VisualStudioVersion = 16.0.29905.134
MinimumVisualStudioVersion = 10.0.40219.1
Project("{FAE04EC0-301F-11D3-BF4B-00C04F79EFBC}") = "Weather_Using_API", "Weather_Using_API\Weather_Using_API.csproj", "{F6151864-AAFE-483E-B48D-F82FF27188CD}"
EndProject
Global
	GlobalSection(SolutionConfigurationPlatforms) = preSolution
		Debug|ARM = Debug|ARM
		Debug|ARM64 = Debug|ARM64
		Debug|x64 = Debug|x64
		Debug|x86 = Debug|x86
		Release|ARM = Release|ARM
		Release|ARM64 = Release|ARM64
		Release|x64 = Release|x64
		Release|x86 = Release|x86
	EndGlobalSection
	GlobalSection(ProjectConfigurationPlatforms) = postSolution
		{F6151864-AAFE-483E-B48D-F82FF27188CD}.Debug|ARM.ActiveCfg = Debug|ARM
		{F6151864-AAFE-483E-B48D-F82FF27188CD}.Debug|ARM.Build.0 = Debug|ARM
		{F6151864-AAFE-483E-B48D-F82FF27188CD}.Debug|ARM.Deploy.0 = Debug|ARM
		{F6151864-AAFE-483E-B48D-F82FF27188CD}.Debug|ARM64.ActiveCfg = Debug|ARM64
		{F6151864-AAFE-483E-B48D-F82FF27188CD}.Debug|ARM64.Build.0 = Debug|ARM64
		{F6151864-AAFE-483E-B48D-F82FF27188CD}.Debug|ARM64.Deploy.0 = Debug|ARM64
		{F6151864-AAFE-483E-B48D-F82FF27188CD}.Debug|x64.ActiveCfg = Debug|x64
		{F6151864-AAFE-483E-B48D-F82FF27188CD}.Debug|x64.Build.0 = Debug|x64
		{F6151864-AAFE-483E-B48D-F82FF27188CD}.Debug|x64.Deploy.0 = Debug|x64
		{F6151864-AAFE-483E-B48D-F82FF27188CD}.Debug|x86.ActiveCfg = Debug|x86
		{F6151864-AAFE-483E-B48D-F82FF27188CD}.Debug|x86.Build.0 = Debug|x86
		{F6151864-AAFE-483E-B48D-F82FF27188CD}.Debug|x86.Deploy.0 = Debug|x86
		{F6151864-AAFE-483E-B48D-F82FF27188CD}.Release|ARM.ActiveCfg = Release|ARM
		{F6151864-AAFE-483E-B48D-F82FF27188CD}.Release|ARM.Build.0 = Release|ARM
		{F6151864-AAFE-483E-B48D-F82FF27188CD}.Release|ARM.Deploy.0 = Release|ARM
		{F6151864-AAFE-483E-B48D-F82FF27188CD}.Release|ARM64.ActiveCfg = Release|ARM64
		{F6151864-AAFE-483E-B48D-F82FF27188CD}.Release|ARM64.Build.0 = Release|ARM64
		{F6151864-AAFE-483E-B48D-F82FF27188CD}.Release|ARM64.Deploy.0 = Release|ARM64
		{F6151864-AAFE-483E-B48D-F82FF27188CD}.Release|x64.ActiveCfg = Release|x64
		{F6151864-AAFE-483E-B48D-F82FF27188CD}.Release|x64.Build.0 = Release|x64
		{F6151864-AAFE-483E-B48D-F82FF27188CD}.Release|x64.Deploy.0 = Release|x64
		{F6151864-AAFE-483E-B48D-F82FF27188CD}.Release|x86.ActiveCfg = Release|x86
		{F6151864-AAFE-483E-B48D-F82FF27188CD}.Release|x86.Build.0 = Release|x86
		{F6151864-AAFE-483E-B48D-F82FF27188CD}.Release|x86.Deploy.0 = Release|x86
	EndGlobalSection
	GlobalSection(SolutionProperties) = preSolution
		HideSolutionNode = FALSE
	EndGlobalSection
	GlobalSection(ExtensibilityGlobals) = postSolution
		SolutionGuid = {2D68DD7D-1D0F-431C-AD80-CACAC89F9827}
	EndGlobalSection
EndGlobal
